
Microsoft Visual Studio Solution File, Format Version 12.00
# Visual Studio Version 16
VisualStudioVersion = 16.0.32602.291
MinimumVisualStudioVersion = 10.0.40219.1
Project("{FAE04EC0-301F-11D3-BF4B-00C04F79EFBC}") = "Assignment1_2", "Assignment1_2.csproj", "{C68514BC-B9B0-4C05-83DD-865386E4ED7B}"
EndProject
Global
	GlobalSection(SolutionConfigurationPlatforms) = preSolution
		Debug|Any CPU = Debug|Any CPU
		Release|Any CPU = Release|Any CPU
	EndGlobalSection
	GlobalSection(ProjectConfigurationPlatforms) = postSolution
		{C68514BC-B9B0-4C05-83DD-865386E4ED7B}.Debug|Any CPU.ActiveCfg = Debug|Any CPU
		{C68514BC-B9B0-4C05-83DD-865386E4ED7B}.Debug|Any CPU.Build.0 = Debug|Any CPU
		{C68514BC-B9B0-4C05-83DD-865386E4ED7B}.Release|Any CPU.ActiveCfg = Release|Any CPU
		{C68514BC-B9B0-4C05-83DD-865386E4ED7B}.Release|Any CPU.Build.0 = Release|Any CPU
	EndGlobalSection
	GlobalSection(SolutionProperties) = preSolution
		HideSolutionNode = FALSE
	EndGlobalSection
	GlobalSection(ExtensibilityGlobals) = postSolution
		SolutionGuid = {AEDCAA10-0DF9-49B1-853A-3A1BC3F205EC}
	EndGlobalSection
EndGlobal
